{
  "requires": true,
  "lockfileVersion": 1,
  "dependencies": {
    "async-limiter": {
      "version": "1.0.0",
      "resolved": "https://registry.npmjs.org/async-limiter/-/async-limiter-1.0.0.tgz",
      "integrity": "sha512-jp/uFnooOiO+L211eZOoSyzpOITMXx1rBITauYykG3BRYPu8h0UcxsPNB04RR5vo4Tyz3+ay17tR6JVf9qzYWg=="
    },
    "ws": {
      "version": "5.2.0",
      "resolved": "https://registry.npmjs.org/ws/-/ws-5.2.0.tgz",
      "integrity": "sha512-c18dMeW+PEQdDFzkhDsnBAlS4Z8KGStBQQUcQ5mf7Nf689jyGk0594L+i9RaQuf4gog6SvWLJorz2NfSaqxZ7w==",
      "requires": {
        "async-limiter": "~1.0.0"
      }
    }
  }
}
